
Microsoft Visual Studio Solution File, Format Version 12.00
# Visual Studio Version 17
VisualStudioVersion = 17.3.32901.215
MinimumVisualStudioVersion = 10.0.40219.1
Project("{FAE04EC0-301F-11D3-BF4B-00C04F79EFBC}") = "XML_Web_Services_Project", "XML_Web_Services_Project\XML_Web_Services_Project.csproj", "{CE0E172A-C21A-4302-AB59-73218DA77993}"
EndProject
Global
	GlobalSection(SolutionConfigurationPlatforms) = preSolution
		Debug|Any CPU = Debug|Any CPU
		Release|Any CPU = Release|Any CPU
	EndGlobalSection
	GlobalSection(ProjectConfigurationPlatforms) = postSolution
		{CE0E172A-C21A-4302-AB59-73218DA77993}.Debug|Any CPU.ActiveCfg = Debug|Any CPU
		{CE0E172A-C21A-4302-AB59-73218DA77993}.Debug|Any CPU.Build.0 = Debug|Any CPU
		{CE0E172A-C21A-4302-AB59-73218DA77993}.Release|Any CPU.ActiveCfg = Release|Any CPU
		{CE0E172A-C21A-4302-AB59-73218DA77993}.Release|Any CPU.Build.0 = Release|Any CPU
	EndGlobalSection
	GlobalSection(SolutionProperties) = preSolution
		HideSolutionNode = FALSE
	EndGlobalSection
	GlobalSection(ExtensibilityGlobals) = postSolution
		SolutionGuid = {368516E6-6784-4D86-8091-40D12C4FE000}
	EndGlobalSection
EndGlobal
